
Microsoft Visual Studio Solution File, Format Version 12.00
# Visual Studio 14
VisualStudioVersion = 14.0.23107.0
MinimumVisualStudioVersion = 10.0.40219.1
Project("{FAE04EC0-301F-11D3-BF4B-00C04F79EFBC}") = "ManPAD", "ManPAD\ManPAD.csproj", "{2BF2E5BA-A9EC-4494-9BF4-6377A8A53FD3}"
EndProject
Project("{2150E333-8FDC-42A3-9474-1A3956D46DE8}") = "Injector Stuff", "Injector Stuff", "{BA5A521C-E8AD-457C-928F-A84E289DFD7D}"
EndProject
Project("{8BC9CEB8-8B4A-11D0-8D11-00A0C91BC942}") = "Monoloader", "Monoloader\Monoloader.vcxproj", "{DD0554B2-730A-495D-BB25-09C1FB8DB06C}"
EndProject
Project("{FAE04EC0-301F-11D3-BF4B-00C04F79EFBC}") = "MLoader", "MLoader\MLoader.csproj", "{D569E87F-0451-4256-B246-A2037694B435}"
EndProject
Project("{2150E333-8FDC-42A3-9474-1A3956D46DE8}") = "Hard Patcher", "Hard Patcher", "{A65F2A39-B9BF-4F1F-8CBE-178D637E2DBB}"
EndProject
Project("{FAE04EC0-301F-11D3-BF4B-00C04F79EFBC}") = "MLoaderPatcher", "MLoaderPatcher\MLoaderPatcher.csproj", "{D15E7CC1-E96A-4DAD-9D8E-7DEA0B978EE3}"
EndProject
Project("{8BC9CEB8-8B4A-11D0-8D11-00A0C91BC942}") = "ManPAD_Loader", "ManPAD_Loader\ManPAD_Loader.vcxproj", "{15413213-107B-4AF5-B260-ED1B92C5BA57}"
EndProject
Project("{8BC9CEB8-8B4A-11D0-8D11-00A0C91BC942}") = "LoaderModule", "LoaderModule\LoaderModule.vcxproj", "{EE508523-8B06-4975-9E02-5B5851327BCB}"
EndProject
Global
	GlobalSection(SolutionConfigurationPlatforms) = preSolution
		Debug|x64 = Debug|x64
		Debug|x86 = Debug|x86
		Free|x64 = Free|x64
		Free|x86 = Free|x86
		Premium|x64 = Premium|x64
		Premium|x86 = Premium|x86
	EndGlobalSection
	GlobalSection(ProjectConfigurationPlatforms) = postSolution
		{2BF2E5BA-A9EC-4494-9BF4-6377A8A53FD3}.Debug|x64.ActiveCfg = Debug|Any CPU
		{2BF2E5BA-A9EC-4494-9BF4-6377A8A53FD3}.Debug|x64.Build.0 = Debug|Any CPU
		{2BF2E5BA-A9EC-4494-9BF4-6377A8A53FD3}.Debug|x86.ActiveCfg = Debug|Any CPU
		{2BF2E5BA-A9EC-4494-9BF4-6377A8A53FD3}.Debug|x86.Build.0 = Debug|Any CPU
		{2BF2E5BA-A9EC-4494-9BF4-6377A8A53FD3}.Free|x64.ActiveCfg = Free|Any CPU
		{2BF2E5BA-A9EC-4494-9BF4-6377A8A53FD3}.Free|x64.Build.0 = Free|Any CPU
		{2BF2E5BA-A9EC-4494-9BF4-6377A8A53FD3}.Free|x86.ActiveCfg = Free|Any CPU
		{2BF2E5BA-A9EC-4494-9BF4-6377A8A53FD3}.Free|x86.Build.0 = Free|Any CPU
		{2BF2E5BA-A9EC-4494-9BF4-6377A8A53FD3}.Premium|x64.ActiveCfg = Premium|Any CPU
		{2BF2E5BA-A9EC-4494-9BF4-6377A8A53FD3}.Premium|x64.Build.0 = Premium|Any CPU
		{2BF2E5BA-A9EC-4494-9BF4-6377A8A53FD3}.Premium|x86.ActiveCfg = Premium|Any CPU
		{2BF2E5BA-A9EC-4494-9BF4-6377A8A53FD3}.Premium|x86.Build.0 = Premium|Any CPU
		{DD0554B2-730A-495D-BB25-09C1FB8DB06C}.Debug|x64.ActiveCfg = Debug|x64
		{DD0554B2-730A-495D-BB25-09C1FB8DB06C}.Debug|x64.Build.0 = Debug|x64
		{DD0554B2-730A-495D-BB25-09C1FB8DB06C}.Debug|x86.ActiveCfg = Debug|Win32
		{DD0554B2-730A-495D-BB25-09C1FB8DB06C}.Debug|x86.Build.0 = Debug|Win32
		{DD0554B2-730A-495D-BB25-09C1FB8DB06C}.Free|x64.ActiveCfg = Free|x64
		{DD0554B2-730A-495D-BB25-09C1FB8DB06C}.Free|x64.Build.0 = Free|x64
		{DD0554B2-730A-495D-BB25-09C1FB8DB06C}.Free|x86.ActiveCfg = Free|Win32
		{DD0554B2-730A-495D-BB25-09C1FB8DB06C}.Free|x86.Build.0 = Free|Win32
		{DD0554B2-730A-495D-BB25-09C1FB8DB06C}.Premium|x64.ActiveCfg = Premium|x64
		{DD0554B2-730A-495D-BB25-09C1FB8DB06C}.Premium|x64.Build.0 = Premium|x64
		{DD0554B2-730A-495D-BB25-09C1FB8DB06C}.Premium|x86.ActiveCfg = Premium|Win32
		{DD0554B2-730A-495D-BB25-09C1FB8DB06C}.Premium|x86.Build.0 = Premium|Win32
		{D569E87F-0451-4256-B246-A2037694B435}.Debug|x64.ActiveCfg = Debug|Any CPU
		{D569E87F-0451-4256-B246-A2037694B435}.Debug|x64.Build.0 = Debug|Any CPU
		{D569E87F-0451-4256-B246-A2037694B435}.Debug|x86.ActiveCfg = Debug|Any CPU
		{D569E87F-0451-4256-B246-A2037694B435}.Debug|x86.Build.0 = Debug|Any CPU
		{D569E87F-0451-4256-B246-A2037694B435}.Free|x64.ActiveCfg = Free|Any CPU
		{D569E87F-0451-4256-B246-A2037694B435}.Free|x64.Build.0 = Free|Any CPU
		{D569E87F-0451-4256-B246-A2037694B435}.Free|x86.ActiveCfg = Free|Any CPU
		{D569E87F-0451-4256-B246-A2037694B435}.Free|x86.Build.0 = Free|Any CPU
		{D569E87F-0451-4256-B246-A2037694B435}.Premium|x64.ActiveCfg = Premium|Any CPU
		{D569E87F-0451-4256-B246-A2037694B435}.Premium|x64.Build.0 = Premium|Any CPU
		{D569E87F-0451-4256-B246-A2037694B435}.Premium|x86.ActiveCfg = Premium|Any CPU
		{D569E87F-0451-4256-B246-A2037694B435}.Premium|x86.Build.0 = Premium|Any CPU
		{D15E7CC1-E96A-4DAD-9D8E-7DEA0B978EE3}.Debug|x64.ActiveCfg = Debug|Any CPU
		{D15E7CC1-E96A-4DAD-9D8E-7DEA0B978EE3}.Debug|x64.Build.0 = Debug|Any CPU
		{D15E7CC1-E96A-4DAD-9D8E-7DEA0B978EE3}.Debug|x86.ActiveCfg = Debug|Any CPU
		{D15E7CC1-E96A-4DAD-9D8E-7DEA0B978EE3}.Debug|x86.Build.0 = Debug|Any CPU
		{D15E7CC1-E96A-4DAD-9D8E-7DEA0B978EE3}.Free|x64.ActiveCfg = Debug|Any CPU
		{D15E7CC1-E96A-4DAD-9D8E-7DEA0B978EE3}.Free|x64.Build.0 = Debug|Any CPU
		{D15E7CC1-E96A-4DAD-9D8E-7DEA0B978EE3}.Free|x86.ActiveCfg = Debug|Any CPU
		{D15E7CC1-E96A-4DAD-9D8E-7DEA0B978EE3}.Free|x86.Build.0 = Debug|Any CPU
		{D15E7CC1-E96A-4DAD-9D8E-7DEA0B978EE3}.Premium|x64.ActiveCfg = Debug|Any CPU
		{D15E7CC1-E96A-4DAD-9D8E-7DEA0B978EE3}.Premium|x64.Build.0 = Debug|Any CPU
		{D15E7CC1-E96A-4DAD-9D8E-7DEA0B978EE3}.Premium|x86.ActiveCfg = Debug|Any CPU
		{D15E7CC1-E96A-4DAD-9D8E-7DEA0B978EE3}.Premium|x86.Build.0 = Debug|Any CPU
		{15413213-107B-4AF5-B260-ED1B92C5BA57}.Debug|x64.ActiveCfg = Debug|x64
		{15413213-107B-4AF5-B260-ED1B92C5BA57}.Debug|x64.Build.0 = Debug|x64
		{15413213-107B-4AF5-B260-ED1B92C5BA57}.Debug|x86.ActiveCfg = Debug|Win32
		{15413213-107B-4AF5-B260-ED1B92C5BA57}.Debug|x86.Build.0 = Debug|Win32
		{15413213-107B-4AF5-B260-ED1B92C5BA57}.Free|x64.ActiveCfg = Release|x64
		{15413213-107B-4AF5-B260-ED1B92C5BA57}.Free|x64.Build.0 = Release|x64
		{15413213-107B-4AF5-B260-ED1B92C5BA57}.Free|x86.ActiveCfg = Release|Win32
		{15413213-107B-4AF5-B260-ED1B92C5BA57}.Free|x86.Build.0 = Release|Win32
		{15413213-107B-4AF5-B260-ED1B92C5BA57}.Premium|x64.ActiveCfg = Release|x64
		{15413213-107B-4AF5-B260-ED1B92C5BA57}.Premium|x64.Build.0 = Release|x64
		{15413213-107B-4AF5-B260-ED1B92C5BA57}.Premium|x86.ActiveCfg = Release|Win32
		{15413213-107B-4AF5-B260-ED1B92C5BA57}.Premium|x86.Build.0 = Release|Win32
		{EE508523-8B06-4975-9E02-5B5851327BCB}.Debug|x64.ActiveCfg = Debug|x64
		{EE508523-8B06-4975-9E02-5B5851327BCB}.Debug|x64.Build.0 = Debug|x64
		{EE508523-8B06-4975-9E02-5B5851327BCB}.Debug|x86.ActiveCfg = Debug|Win32
		{EE508523-8B06-4975-9E02-5B5851327BCB}.Debug|x86.Build.0 = Debug|Win32
		{EE508523-8B06-4975-9E02-5B5851327BCB}.Free|x64.ActiveCfg = Release|x64
		{EE508523-8B06-4975-9E02-5B5851327BCB}.Free|x64.Build.0 = Release|x64
		{EE508523-8B06-4975-9E02-5B5851327BCB}.Free|x86.ActiveCfg = Release|Win32
		{EE508523-8B06-4975-9E02-5B5851327BCB}.Free|x86.Build.0 = Release|Win32
		{EE508523-8B06-4975-9E02-5B5851327BCB}.Premium|x64.ActiveCfg = Release|x64
		{EE508523-8B06-4975-9E02-5B5851327BCB}.Premium|x64.Build.0 = Release|x64
		{EE508523-8B06-4975-9E02-5B5851327BCB}.Premium|x86.ActiveCfg = Release|Win32
		{EE508523-8B06-4975-9E02-5B5851327BCB}.Premium|x86.Build.0 = Release|Win32
	EndGlobalSection
	GlobalSection(SolutionProperties) = preSolution
		HideSolutionNode = FALSE
	EndGlobalSection
	GlobalSection(NestedProjects) = preSolution
		{DD0554B2-730A-495D-BB25-09C1FB8DB06C} = {BA5A521C-E8AD-457C-928F-A84E289DFD7D}
		{D569E87F-0451-4256-B246-A2037694B435} = {BA5A521C-E8AD-457C-928F-A84E289DFD7D}
		{D15E7CC1-E96A-4DAD-9D8E-7DEA0B978EE3} = {A65F2A39-B9BF-4F1F-8CBE-178D637E2DBB}
		{15413213-107B-4AF5-B260-ED1B92C5BA57} = {BA5A521C-E8AD-457C-928F-A84E289DFD7D}
		{EE508523-8B06-4975-9E02-5B5851327BCB} = {BA5A521C-E8AD-457C-928F-A84E289DFD7D}
	EndGlobalSection
EndGlobal
