
Microsoft Visual Studio Solution File, Format Version 12.00
# Visual Studio 2013
VisualStudioVersion = 12.0.40629.0
MinimumVisualStudioVersion = 10.0.40219.1
Project("{FAE04EC0-301F-11D3-BF4B-00C04F79EFBC}") = "ManPAD", "ManPAD\ManPAD.csproj", "{2BF2E5BA-A9EC-4494-9BF4-6377A8A53FD3}"
EndProject
Global
	GlobalSection(SolutionConfigurationPlatforms) = preSolution
		Debug|Any CPU = Debug|Any CPU
		Release|Any CPU = Release|Any CPU
	EndGlobalSection
	GlobalSection(ProjectConfigurationPlatforms) = postSolution
		{2BF2E5BA-A9EC-4494-9BF4-6377A8A53FD3}.Debug|Any CPU.ActiveCfg = Debug|Any CPU
		{2BF2E5BA-A9EC-4494-9BF4-6377A8A53FD3}.Debug|Any CPU.Build.0 = Debug|Any CPU
		{2BF2E5BA-A9EC-4494-9BF4-6377A8A53FD3}.Release|Any CPU.ActiveCfg = Release|Any CPU
		{2BF2E5BA-A9EC-4494-9BF4-6377A8A53FD3}.Release|Any CPU.Build.0 = Release|Any CPU
	EndGlobalSection
	GlobalSection(SolutionProperties) = preSolution
		HideSolutionNode = FALSE
	EndGlobalSection
EndGlobal
