
Microsoft Visual Studio Solution File, Format Version 12.00
# Visual Studio 14
VisualStudioVersion = 14.0.23107.0
MinimumVisualStudioVersion = 10.0.40219.1
Project("{FAE04EC0-301F-11D3-BF4B-00C04F79EFBC}") = "ManPAD", "ManPAD\ManPAD.csproj", "{2BF2E5BA-A9EC-4494-9BF4-6377A8A53FD3}"
EndProject
Project("{2150E333-8FDC-42A3-9474-1A3956D46DE8}") = "Injector Stuff", "Injector Stuff", "{BA5A521C-E8AD-457C-928F-A84E289DFD7D}"
EndProject
Project("{FAE04EC0-301F-11D3-BF4B-00C04F79EFBC}") = "Internal_Injector", "Internal_Injector\Internal_Injector.csproj", "{5FD79DDB-CB86-455B-AD90-A3C69FE00333}"
EndProject
Project("{8BC9CEB8-8B4A-11D0-8D11-00A0C91BC942}") = "Injector", "Injector\Injector.vcxproj", "{D5BD7395-FCA0-4DDA-A4A1-1E9786A46951}"
EndProject
Project("{8BC9CEB8-8B4A-11D0-8D11-00A0C91BC942}") = "Monoloader", "Monoloader\Monoloader.vcxproj", "{DD0554B2-730A-495D-BB25-09C1FB8DB06C}"
EndProject
Global
	GlobalSection(SolutionConfigurationPlatforms) = preSolution
		Debug|x64 = Debug|x64
		Debug|x86 = Debug|x86
		Release|x64 = Release|x64
		Release|x86 = Release|x86
	EndGlobalSection
	GlobalSection(ProjectConfigurationPlatforms) = postSolution
		{2BF2E5BA-A9EC-4494-9BF4-6377A8A53FD3}.Debug|x64.ActiveCfg = Debug|Any CPU
		{2BF2E5BA-A9EC-4494-9BF4-6377A8A53FD3}.Debug|x64.Build.0 = Debug|Any CPU
		{2BF2E5BA-A9EC-4494-9BF4-6377A8A53FD3}.Debug|x86.ActiveCfg = Debug|Any CPU
		{2BF2E5BA-A9EC-4494-9BF4-6377A8A53FD3}.Debug|x86.Build.0 = Debug|Any CPU
		{2BF2E5BA-A9EC-4494-9BF4-6377A8A53FD3}.Release|x64.ActiveCfg = Release|Any CPU
		{2BF2E5BA-A9EC-4494-9BF4-6377A8A53FD3}.Release|x64.Build.0 = Release|Any CPU
		{2BF2E5BA-A9EC-4494-9BF4-6377A8A53FD3}.Release|x86.ActiveCfg = Release|Any CPU
		{2BF2E5BA-A9EC-4494-9BF4-6377A8A53FD3}.Release|x86.Build.0 = Release|Any CPU
		{5FD79DDB-CB86-455B-AD90-A3C69FE00333}.Debug|x64.ActiveCfg = Debug|Any CPU
		{5FD79DDB-CB86-455B-AD90-A3C69FE00333}.Debug|x64.Build.0 = Debug|Any CPU
		{5FD79DDB-CB86-455B-AD90-A3C69FE00333}.Debug|x86.ActiveCfg = Debug|Any CPU
		{5FD79DDB-CB86-455B-AD90-A3C69FE00333}.Debug|x86.Build.0 = Debug|Any CPU
		{5FD79DDB-CB86-455B-AD90-A3C69FE00333}.Release|x64.ActiveCfg = Release|x64
		{5FD79DDB-CB86-455B-AD90-A3C69FE00333}.Release|x64.Build.0 = Release|x64
		{5FD79DDB-CB86-455B-AD90-A3C69FE00333}.Release|x86.ActiveCfg = Release|x86
		{5FD79DDB-CB86-455B-AD90-A3C69FE00333}.Release|x86.Build.0 = Release|x86
		{D5BD7395-FCA0-4DDA-A4A1-1E9786A46951}.Debug|x64.ActiveCfg = Debug|x64
		{D5BD7395-FCA0-4DDA-A4A1-1E9786A46951}.Debug|x64.Build.0 = Debug|x64
		{D5BD7395-FCA0-4DDA-A4A1-1E9786A46951}.Debug|x86.ActiveCfg = Debug|Win32
		{D5BD7395-FCA0-4DDA-A4A1-1E9786A46951}.Debug|x86.Build.0 = Debug|Win32
		{D5BD7395-FCA0-4DDA-A4A1-1E9786A46951}.Release|x64.ActiveCfg = Release|x64
		{D5BD7395-FCA0-4DDA-A4A1-1E9786A46951}.Release|x64.Build.0 = Release|x64
		{D5BD7395-FCA0-4DDA-A4A1-1E9786A46951}.Release|x86.ActiveCfg = Release|Win32
		{D5BD7395-FCA0-4DDA-A4A1-1E9786A46951}.Release|x86.Build.0 = Release|Win32
		{DD0554B2-730A-495D-BB25-09C1FB8DB06C}.Debug|x64.ActiveCfg = Debug|x64
		{DD0554B2-730A-495D-BB25-09C1FB8DB06C}.Debug|x64.Build.0 = Debug|x64
		{DD0554B2-730A-495D-BB25-09C1FB8DB06C}.Debug|x86.ActiveCfg = Debug|Win32
		{DD0554B2-730A-495D-BB25-09C1FB8DB06C}.Debug|x86.Build.0 = Debug|Win32
		{DD0554B2-730A-495D-BB25-09C1FB8DB06C}.Release|x64.ActiveCfg = Release|x64
		{DD0554B2-730A-495D-BB25-09C1FB8DB06C}.Release|x64.Build.0 = Release|x64
		{DD0554B2-730A-495D-BB25-09C1FB8DB06C}.Release|x86.ActiveCfg = Release|Win32
		{DD0554B2-730A-495D-BB25-09C1FB8DB06C}.Release|x86.Build.0 = Release|Win32
	EndGlobalSection
	GlobalSection(SolutionProperties) = preSolution
		HideSolutionNode = FALSE
	EndGlobalSection
	GlobalSection(NestedProjects) = preSolution
		{5FD79DDB-CB86-455B-AD90-A3C69FE00333} = {BA5A521C-E8AD-457C-928F-A84E289DFD7D}
		{D5BD7395-FCA0-4DDA-A4A1-1E9786A46951} = {BA5A521C-E8AD-457C-928F-A84E289DFD7D}
		{DD0554B2-730A-495D-BB25-09C1FB8DB06C} = {BA5A521C-E8AD-457C-928F-A84E289DFD7D}
	EndGlobalSection
EndGlobal
