
Microsoft Visual Studio Solution File, Format Version 12.00
# Visual Studio 14
VisualStudioVersion = 14.0.23107.0
MinimumVisualStudioVersion = 10.0.40219.1
Project("{FAE04EC0-301F-11D3-BF4B-00C04F79EFBC}") = "Hack Dll", "AntiNelson\Hack Dll.csproj", "{95D8534B-DA83-4014-A1A3-FDF4F8F9E1B9}"
EndProject
Global
	GlobalSection(SolutionConfigurationPlatforms) = preSolution
		Atilion|Any CPU = Atilion|Any CPU
		Atilion|x64 = Atilion|x64
		Atilion|x86 = Atilion|x86
		Kr4ken|Any CPU = Kr4ken|Any CPU
		Kr4ken|x64 = Kr4ken|x64
		Kr4ken|x86 = Kr4ken|x86
		Kunii|Any CPU = Kunii|Any CPU
		Kunii|x64 = Kunii|x64
		Kunii|x86 = Kunii|x86
	EndGlobalSection
	GlobalSection(ProjectConfigurationPlatforms) = postSolution
		{95D8534B-DA83-4014-A1A3-FDF4F8F9E1B9}.Atilion|Any CPU.ActiveCfg = Atilion|Any CPU
		{95D8534B-DA83-4014-A1A3-FDF4F8F9E1B9}.Atilion|Any CPU.Build.0 = Atilion|Any CPU
		{95D8534B-DA83-4014-A1A3-FDF4F8F9E1B9}.Atilion|x64.ActiveCfg = Atilion|x64
		{95D8534B-DA83-4014-A1A3-FDF4F8F9E1B9}.Atilion|x64.Build.0 = Atilion|x64
		{95D8534B-DA83-4014-A1A3-FDF4F8F9E1B9}.Atilion|x86.ActiveCfg = Atilion|x86
		{95D8534B-DA83-4014-A1A3-FDF4F8F9E1B9}.Atilion|x86.Build.0 = Atilion|x86
		{95D8534B-DA83-4014-A1A3-FDF4F8F9E1B9}.Kr4ken|Any CPU.ActiveCfg = Kr4ken|Any CPU
		{95D8534B-DA83-4014-A1A3-FDF4F8F9E1B9}.Kr4ken|Any CPU.Build.0 = Kr4ken|Any CPU
		{95D8534B-DA83-4014-A1A3-FDF4F8F9E1B9}.Kr4ken|x64.ActiveCfg = Kr4ken|x64
		{95D8534B-DA83-4014-A1A3-FDF4F8F9E1B9}.Kr4ken|x64.Build.0 = Kr4ken|x64
		{95D8534B-DA83-4014-A1A3-FDF4F8F9E1B9}.Kr4ken|x86.ActiveCfg = Kr4ken|x86
		{95D8534B-DA83-4014-A1A3-FDF4F8F9E1B9}.Kr4ken|x86.Build.0 = Kr4ken|x86
		{95D8534B-DA83-4014-A1A3-FDF4F8F9E1B9}.Kunii|Any CPU.ActiveCfg = Release|Any CPU
		{95D8534B-DA83-4014-A1A3-FDF4F8F9E1B9}.Kunii|Any CPU.Build.0 = Release|Any CPU
		{95D8534B-DA83-4014-A1A3-FDF4F8F9E1B9}.Kunii|x64.ActiveCfg = Debug|x64
		{95D8534B-DA83-4014-A1A3-FDF4F8F9E1B9}.Kunii|x64.Build.0 = Release|x64
		{95D8534B-DA83-4014-A1A3-FDF4F8F9E1B9}.Kunii|x86.ActiveCfg = Debug|x86
		{95D8534B-DA83-4014-A1A3-FDF4F8F9E1B9}.Kunii|x86.Build.0 = Release|x86
	EndGlobalSection
	GlobalSection(SolutionProperties) = preSolution
		HideSolutionNode = FALSE
	EndGlobalSection
EndGlobal
