
Microsoft Visual Studio Solution File, Format Version 12.00
# Visual Studio 14
VisualStudioVersion = 14.0.23107.0
MinimumVisualStudioVersion = 10.0.40219.1
Project("{FAE04EC0-301F-11D3-BF4B-00C04F79EFBC}") = "PointBlank", "AntiNelson\PointBlank.csproj", "{95D8534B-DA83-4014-A1A3-FDF4F8F9E1B9}"
EndProject
Project("{FAE04EC0-301F-11D3-BF4B-00C04F79EFBC}") = "TestLoader", "TestLoader\TestLoader.csproj", "{29B1A1E6-C294-4350-B184-934766B3FDA8}"
	ProjectSection(ProjectDependencies) = postProject
		{95D8534B-DA83-4014-A1A3-FDF4F8F9E1B9} = {95D8534B-DA83-4014-A1A3-FDF4F8F9E1B9}
	EndProjectSection
EndProject
Project("{FAE04EC0-301F-11D3-BF4B-00C04F79EFBC}") = "TestPlugin", "TestPlugin\TestPlugin.csproj", "{C8526FEE-2F8D-4EBC-AE3C-AC75261FF404}"
	ProjectSection(ProjectDependencies) = postProject
		{95D8534B-DA83-4014-A1A3-FDF4F8F9E1B9} = {95D8534B-DA83-4014-A1A3-FDF4F8F9E1B9}
	EndProjectSection
EndProject
Project("{FAE04EC0-301F-11D3-BF4B-00C04F79EFBC}") = "Patcher", "Patcher\Patcher.csproj", "{5371C701-AA5F-47BC-A5A2-3BC99BB88DA1}"
EndProject
Global
	GlobalSection(SolutionConfigurationPlatforms) = preSolution
		Debug|Any CPU = Debug|Any CPU
		Debug|x64 = Debug|x64
		Debug|x86 = Debug|x86
		Release|Any CPU = Release|Any CPU
		Release|x64 = Release|x64
		Release|x86 = Release|x86
	EndGlobalSection
	GlobalSection(ProjectConfigurationPlatforms) = postSolution
		{95D8534B-DA83-4014-A1A3-FDF4F8F9E1B9}.Debug|Any CPU.ActiveCfg = Debug|Any CPU
		{95D8534B-DA83-4014-A1A3-FDF4F8F9E1B9}.Debug|Any CPU.Build.0 = Debug|Any CPU
		{95D8534B-DA83-4014-A1A3-FDF4F8F9E1B9}.Debug|x64.ActiveCfg = Debug|x64
		{95D8534B-DA83-4014-A1A3-FDF4F8F9E1B9}.Debug|x64.Build.0 = Debug|x64
		{95D8534B-DA83-4014-A1A3-FDF4F8F9E1B9}.Debug|x86.ActiveCfg = Debug|x86
		{95D8534B-DA83-4014-A1A3-FDF4F8F9E1B9}.Debug|x86.Build.0 = Debug|x86
		{95D8534B-DA83-4014-A1A3-FDF4F8F9E1B9}.Release|Any CPU.ActiveCfg = Release|Any CPU
		{95D8534B-DA83-4014-A1A3-FDF4F8F9E1B9}.Release|Any CPU.Build.0 = Release|Any CPU
		{95D8534B-DA83-4014-A1A3-FDF4F8F9E1B9}.Release|x64.ActiveCfg = Release|x64
		{95D8534B-DA83-4014-A1A3-FDF4F8F9E1B9}.Release|x64.Build.0 = Release|x64
		{95D8534B-DA83-4014-A1A3-FDF4F8F9E1B9}.Release|x86.ActiveCfg = Release|x86
		{95D8534B-DA83-4014-A1A3-FDF4F8F9E1B9}.Release|x86.Build.0 = Release|x86
		{29B1A1E6-C294-4350-B184-934766B3FDA8}.Debug|Any CPU.ActiveCfg = Debug|Any CPU
		{29B1A1E6-C294-4350-B184-934766B3FDA8}.Debug|Any CPU.Build.0 = Debug|Any CPU
		{29B1A1E6-C294-4350-B184-934766B3FDA8}.Debug|x64.ActiveCfg = Debug|Any CPU
		{29B1A1E6-C294-4350-B184-934766B3FDA8}.Debug|x64.Build.0 = Debug|Any CPU
		{29B1A1E6-C294-4350-B184-934766B3FDA8}.Debug|x86.ActiveCfg = Debug|Any CPU
		{29B1A1E6-C294-4350-B184-934766B3FDA8}.Debug|x86.Build.0 = Debug|Any CPU
		{29B1A1E6-C294-4350-B184-934766B3FDA8}.Release|Any CPU.ActiveCfg = Release|Any CPU
		{29B1A1E6-C294-4350-B184-934766B3FDA8}.Release|Any CPU.Build.0 = Release|Any CPU
		{29B1A1E6-C294-4350-B184-934766B3FDA8}.Release|x64.ActiveCfg = Release|Any CPU
		{29B1A1E6-C294-4350-B184-934766B3FDA8}.Release|x64.Build.0 = Release|Any CPU
		{29B1A1E6-C294-4350-B184-934766B3FDA8}.Release|x86.ActiveCfg = Release|Any CPU
		{29B1A1E6-C294-4350-B184-934766B3FDA8}.Release|x86.Build.0 = Release|Any CPU
		{C8526FEE-2F8D-4EBC-AE3C-AC75261FF404}.Debug|Any CPU.ActiveCfg = Debug|Any CPU
		{C8526FEE-2F8D-4EBC-AE3C-AC75261FF404}.Debug|Any CPU.Build.0 = Debug|Any CPU
		{C8526FEE-2F8D-4EBC-AE3C-AC75261FF404}.Debug|x64.ActiveCfg = Debug|Any CPU
		{C8526FEE-2F8D-4EBC-AE3C-AC75261FF404}.Debug|x64.Build.0 = Debug|Any CPU
		{C8526FEE-2F8D-4EBC-AE3C-AC75261FF404}.Debug|x86.ActiveCfg = Debug|Any CPU
		{C8526FEE-2F8D-4EBC-AE3C-AC75261FF404}.Debug|x86.Build.0 = Debug|Any CPU
		{C8526FEE-2F8D-4EBC-AE3C-AC75261FF404}.Release|Any CPU.ActiveCfg = Release|Any CPU
		{C8526FEE-2F8D-4EBC-AE3C-AC75261FF404}.Release|Any CPU.Build.0 = Release|Any CPU
		{C8526FEE-2F8D-4EBC-AE3C-AC75261FF404}.Release|x64.ActiveCfg = Release|Any CPU
		{C8526FEE-2F8D-4EBC-AE3C-AC75261FF404}.Release|x64.Build.0 = Release|Any CPU
		{C8526FEE-2F8D-4EBC-AE3C-AC75261FF404}.Release|x86.ActiveCfg = Release|Any CPU
		{C8526FEE-2F8D-4EBC-AE3C-AC75261FF404}.Release|x86.Build.0 = Release|Any CPU
		{5371C701-AA5F-47BC-A5A2-3BC99BB88DA1}.Debug|Any CPU.ActiveCfg = Debug|Any CPU
		{5371C701-AA5F-47BC-A5A2-3BC99BB88DA1}.Debug|Any CPU.Build.0 = Debug|Any CPU
		{5371C701-AA5F-47BC-A5A2-3BC99BB88DA1}.Debug|x64.ActiveCfg = Debug|Any CPU
		{5371C701-AA5F-47BC-A5A2-3BC99BB88DA1}.Debug|x64.Build.0 = Debug|Any CPU
		{5371C701-AA5F-47BC-A5A2-3BC99BB88DA1}.Debug|x86.ActiveCfg = Debug|Any CPU
		{5371C701-AA5F-47BC-A5A2-3BC99BB88DA1}.Debug|x86.Build.0 = Debug|Any CPU
		{5371C701-AA5F-47BC-A5A2-3BC99BB88DA1}.Release|Any CPU.ActiveCfg = Release|Any CPU
		{5371C701-AA5F-47BC-A5A2-3BC99BB88DA1}.Release|Any CPU.Build.0 = Release|Any CPU
		{5371C701-AA5F-47BC-A5A2-3BC99BB88DA1}.Release|x64.ActiveCfg = Release|Any CPU
		{5371C701-AA5F-47BC-A5A2-3BC99BB88DA1}.Release|x64.Build.0 = Release|Any CPU
		{5371C701-AA5F-47BC-A5A2-3BC99BB88DA1}.Release|x86.ActiveCfg = Release|Any CPU
		{5371C701-AA5F-47BC-A5A2-3BC99BB88DA1}.Release|x86.Build.0 = Release|Any CPU
	EndGlobalSection
	GlobalSection(SolutionProperties) = preSolution
		HideSolutionNode = FALSE
	EndGlobalSection
EndGlobal
